# THIS IS AN AUTOGENERATED FILE. DO NOT EDIT THIS FILE DIRECTLY.
# yarn lockfile v1


math-sqrt@^1.0.1:
  version "1.0.1"
  resolved "https://registry.yarnpkg.com/math-sqrt/-/math-sqrt-1.0.1.tgz#37f5639d67d317d7273cdaae984c5d775a143425"
  integrity sha512-9Tf6eZqSyPptAX/q7R5S3CytqLY228itWgC7hnK+FDn2oqIbbBPq9NavYhVE4BuKyy/YHAGoen+iMQXIij7FhA==
